
Microsoft Visual Studio Solution File, Format Version 12.00
# Visual Studio Version 17
VisualStudioVersion = 17.9.34714.143
MinimumVisualStudioVersion = 10.0.40219.1
Project("{FAE04EC0-301F-11D3-BF4B-00C04F79EFBC}") = "Lab8", "Lab8\Lab8.csproj", "{4DA71FAF-2110-474E-B0B1-A4F9A5D05B87}"
EndProject
Global
	GlobalSection(SolutionConfigurationPlatforms) = preSolution
		Debug|Any CPU = Debug|Any CPU
		Release|Any CPU = Release|Any CPU
	EndGlobalSection
	GlobalSection(ProjectConfigurationPlatforms) = postSolution
		{4DA71FAF-2110-474E-B0B1-A4F9A5D05B87}.Debug|Any CPU.ActiveCfg = Debug|Any CPU
		{4DA71FAF-2110-474E-B0B1-A4F9A5D05B87}.Debug|Any CPU.Build.0 = Debug|Any CPU
		{4DA71FAF-2110-474E-B0B1-A4F9A5D05B87}.Release|Any CPU.ActiveCfg = Release|Any CPU
		{4DA71FAF-2110-474E-B0B1-A4F9A5D05B87}.Release|Any CPU.Build.0 = Release|Any CPU
	EndGlobalSection
	GlobalSection(SolutionProperties) = preSolution
		HideSolutionNode = FALSE
	EndGlobalSection
	GlobalSection(ExtensibilityGlobals) = postSolution
		SolutionGuid = {C584AAA3-44D1-441E-A31E-6CB711A2A8EA}
	EndGlobalSection
EndGlobal
