
Microsoft Visual Studio Solution File, Format Version 12.00
# Visual Studio Version 17
VisualStudioVersion = 17.9.34714.143
MinimumVisualStudioVersion = 10.0.40219.1
Project("{FAE04EC0-301F-11D3-BF4B-00C04F79EFBC}") = "Lab7", "Lab7\Lab7.csproj", "{B269180A-37FF-4FE3-BFE6-8AF3EAA23699}"
EndProject
Global
	GlobalSection(SolutionConfigurationPlatforms) = preSolution
		Debug|Any CPU = Debug|Any CPU
		Release|Any CPU = Release|Any CPU
	EndGlobalSection
	GlobalSection(ProjectConfigurationPlatforms) = postSolution
		{B269180A-37FF-4FE3-BFE6-8AF3EAA23699}.Debug|Any CPU.ActiveCfg = Debug|Any CPU
		{B269180A-37FF-4FE3-BFE6-8AF3EAA23699}.Debug|Any CPU.Build.0 = Debug|Any CPU
		{B269180A-37FF-4FE3-BFE6-8AF3EAA23699}.Release|Any CPU.ActiveCfg = Release|Any CPU
		{B269180A-37FF-4FE3-BFE6-8AF3EAA23699}.Release|Any CPU.Build.0 = Release|Any CPU
	EndGlobalSection
	GlobalSection(SolutionProperties) = preSolution
		HideSolutionNode = FALSE
	EndGlobalSection
	GlobalSection(ExtensibilityGlobals) = postSolution
		SolutionGuid = {1566D329-566D-475C-8081-8679D5F0B2E8}
	EndGlobalSection
EndGlobal
