
Microsoft Visual Studio Solution File, Format Version 12.00
# Visual Studio Version 17
VisualStudioVersion = 17.9.34714.143
MinimumVisualStudioVersion = 10.0.40219.1
Project("{FAE04EC0-301F-11D3-BF4B-00C04F79EFBC}") = "Lab5", "Lab5\Lab5.csproj", "{976FE81C-F96F-40CC-8130-51F9D49E51C1}"
EndProject
Global
	GlobalSection(SolutionConfigurationPlatforms) = preSolution
		Debug|Any CPU = Debug|Any CPU
		Release|Any CPU = Release|Any CPU
	EndGlobalSection
	GlobalSection(ProjectConfigurationPlatforms) = postSolution
		{976FE81C-F96F-40CC-8130-51F9D49E51C1}.Debug|Any CPU.ActiveCfg = Debug|Any CPU
		{976FE81C-F96F-40CC-8130-51F9D49E51C1}.Debug|Any CPU.Build.0 = Debug|Any CPU
		{976FE81C-F96F-40CC-8130-51F9D49E51C1}.Release|Any CPU.ActiveCfg = Release|Any CPU
		{976FE81C-F96F-40CC-8130-51F9D49E51C1}.Release|Any CPU.Build.0 = Release|Any CPU
	EndGlobalSection
	GlobalSection(SolutionProperties) = preSolution
		HideSolutionNode = FALSE
	EndGlobalSection
	GlobalSection(ExtensibilityGlobals) = postSolution
		SolutionGuid = {AC202950-AE02-4143-97FC-F6EC5E6BDFDD}
	EndGlobalSection
EndGlobal
