
Microsoft Visual Studio Solution File, Format Version 12.00
# Visual Studio Version 17
VisualStudioVersion = 17.9.34902.65
MinimumVisualStudioVersion = 10.0.40219.1
Project("{FAE04EC0-301F-11D3-BF4B-00C04F79EFBC}") = "SupportTicketSystem", "SupportTicketSystem\SupportTicketSystem.csproj", "{65E7F3AE-57BC-4462-9F8E-4F3F6B564EF2}"
EndProject
Global
	GlobalSection(SolutionConfigurationPlatforms) = preSolution
		Debug|Any CPU = Debug|Any CPU
		Release|Any CPU = Release|Any CPU
	EndGlobalSection
	GlobalSection(ProjectConfigurationPlatforms) = postSolution
		{65E7F3AE-57BC-4462-9F8E-4F3F6B564EF2}.Debug|Any CPU.ActiveCfg = Debug|Any CPU
		{65E7F3AE-57BC-4462-9F8E-4F3F6B564EF2}.Debug|Any CPU.Build.0 = Debug|Any CPU
		{65E7F3AE-57BC-4462-9F8E-4F3F6B564EF2}.Release|Any CPU.ActiveCfg = Release|Any CPU
		{65E7F3AE-57BC-4462-9F8E-4F3F6B564EF2}.Release|Any CPU.Build.0 = Release|Any CPU
	EndGlobalSection
	GlobalSection(SolutionProperties) = preSolution
		HideSolutionNode = FALSE
	EndGlobalSection
	GlobalSection(ExtensibilityGlobals) = postSolution
		SolutionGuid = {5D18F058-1C97-476D-9041-F9290F41E54C}
	EndGlobalSection
EndGlobal
