
Microsoft Visual Studio Solution File, Format Version 12.00
# Visual Studio Version 17
VisualStudioVersion = 17.8.34525.116
MinimumVisualStudioVersion = 10.0.40219.1
Project("{FAE04EC0-301F-11D3-BF4B-00C04F79EFBC}") = "Lab11", "Lab11\Lab11.csproj", "{F4F2B651-D97F-4418-A275-981660D6C078}"
EndProject
Global
	GlobalSection(SolutionConfigurationPlatforms) = preSolution
		Debug|Any CPU = Debug|Any CPU
		Release|Any CPU = Release|Any CPU
	EndGlobalSection
	GlobalSection(ProjectConfigurationPlatforms) = postSolution
		{F4F2B651-D97F-4418-A275-981660D6C078}.Debug|Any CPU.ActiveCfg = Debug|Any CPU
		{F4F2B651-D97F-4418-A275-981660D6C078}.Debug|Any CPU.Build.0 = Debug|Any CPU
		{F4F2B651-D97F-4418-A275-981660D6C078}.Release|Any CPU.ActiveCfg = Release|Any CPU
		{F4F2B651-D97F-4418-A275-981660D6C078}.Release|Any CPU.Build.0 = Release|Any CPU
	EndGlobalSection
	GlobalSection(SolutionProperties) = preSolution
		HideSolutionNode = FALSE
	EndGlobalSection
	GlobalSection(ExtensibilityGlobals) = postSolution
		SolutionGuid = {FA2E341F-A364-4700-B755-35952A9B76F9}
	EndGlobalSection
EndGlobal
